
Microsoft Visual Studio Solution File, Format Version 12.00
# Visual Studio 14
VisualStudioVersion = 14.0.24720.0
MinimumVisualStudioVersion = 10.0.40219.1
Project("{2150E333-8FDC-42A3-9474-1A3956D46DE8}") = "src", "src", "{9F5F0F7F-FD57-43C5-95D3-430EC4C8A3FF}"
EndProject
Project("{2150E333-8FDC-42A3-9474-1A3956D46DE8}") = "Solution Items", "Solution Items", "{B82524CC-1852-40B1-AC9B-45D572B2599B}"
	ProjectSection(SolutionItems) = preProject
		global.json = global.json
	EndProjectSection
EndProject
Project("{8BB2217D-0F2D-49D1-97BC-3654ED321F3B}") = "Messenger", "src\Messenger\Messenger.xproj", "{23E919CC-C713-4EE9-8144-61EE813D846F}"
EndProject
Global
	GlobalSection(SolutionConfigurationPlatforms) = preSolution
		Debug|Any CPU = Debug|Any CPU
		Release|Any CPU = Release|Any CPU
	EndGlobalSection
	GlobalSection(ProjectConfigurationPlatforms) = postSolution
		{23E919CC-C713-4EE9-8144-61EE813D846F}.Debug|Any CPU.ActiveCfg = Debug|Any CPU
		{23E919CC-C713-4EE9-8144-61EE813D846F}.Debug|Any CPU.Build.0 = Debug|Any CPU
		{23E919CC-C713-4EE9-8144-61EE813D846F}.Release|Any CPU.ActiveCfg = Release|Any CPU
		{23E919CC-C713-4EE9-8144-61EE813D846F}.Release|Any CPU.Build.0 = Release|Any CPU
	EndGlobalSection
	GlobalSection(SolutionProperties) = preSolution
		HideSolutionNode = FALSE
	EndGlobalSection
	GlobalSection(NestedProjects) = preSolution
		{23E919CC-C713-4EE9-8144-61EE813D846F} = {9F5F0F7F-FD57-43C5-95D3-430EC4C8A3FF}
	EndGlobalSection
EndGlobal
